// !$*UTF8*$!
{
	archiveVersion = 1;
	classes = {
	};
	objectVersion = 56;
	objects = {

/* Begin PBXBuildFile section */
		5955B2BC298C49240095D8CD /* tutorial_appApp.swift in Sources */ = {isa = PBXBuildFile; fileRef = 5955B2BB298C49240095D8CD /* tutorial_appApp.swift */; };
		5955B2BE298C49240095D8CD /* ContentView.swift in Sources */ = {isa = PBXBuildFile; fileRef = 5955B2BD298C49240095D8CD /* ContentView.swift */; };
		5955B2C0298C49260095D8CD /* Assets.xcassets in Resources */ = {isa = PBXBuildFile; fileRef = 5955B2BF298C49260095D8CD /* Assets.xcassets */; };
		5955B2C3298C49260095D8CD /* Preview Assets.xcassets in Resources */ = {isa = PBXBuildFile; fileRef = 5955B2C2298C49260095D8CD /* Preview Assets.xcassets */; };
		5955B2CD298C49270095D8CD /* tutorial_appTests.swift in Sources */ = {isa = PBXBuildFile; fileRef = 5955B2CC298C49270095D8CD /* tutorial_appTests.swift */; };
		5955B2D7298C49270095D8CD /* tutorial_appUITests.swift in Sources */ = {isa = PBXBuildFile; fileRef = 5955B2D6298C49270095D8CD /* tutorial_appUITests.swift */; };
		5955B2D9298C49270095D8CD /* tutorial_appUITestsLaunchTests.swift in Sources */ = {isa = PBXBuildFile; fileRef = 5955B2D8298C49270095D8CD /* tutorial_appUITestsLaunchTests.swift */; };
/* End PBXBuildFile section */

/* Begin PBXContainerItemProxy section */
		5955B2C9298C49270095D8CD /* PBXContainerItemProxy */ = {
			isa = PBXContainerItemProxy;
			containerPortal = 5955B2B0298C49240095D8CD /* Project object */;
			proxyType = 1;
			remoteGlobalIDString = 5955B2B7298C49240095D8CD;
			remoteInfo = tutorial_app;
		};
		5955B2D3298C49270095D8CD /* PBXContainerItemProxy */ = {
			isa = PBXContainerItemProxy;
			containerPortal = 5955B2B0298C49240095D8CD /* Project object */;
			proxyType = 1;
			remoteGlobalIDString = 5955B2B7298C49240095D8CD;
			remoteInfo = tutorial_app;
		};
/* End PBXContainerItemProxy section */

/* Begin PBXFileReference section */
		5955B2B8298C49240095D8CD /* tutorial_app.app */ = {isa = PBXFileReference; explicitFileType = wrapper.application; includeInIndex = 0; path = tutorial_app.app; sourceTree = BUILT_PRODUCTS_DIR; };
		5955B2BB298C49240095D8CD /* tutorial_appApp.swift */ = {isa = PBXFileReference; lastKnownFileType = sourcecode.swift; path = tutorial_appApp.swift; sourceTree = "<group>"; };
		5955B2BD298C49240095D8CD /* ContentView.swift */ = {isa = PBXFileReference; lastKnownFileType = sourcecode.swift; path = ContentView.swift; sourceTree = "<group>"; };
		5955B2BF298C49260095D8CD /* Assets.xcassets */ = {isa = PBXFileReference; lastKnownFileType = folder.assetcatalog; path = Assets.xcassets; sourceTree = "<group>"; };
		5955B2C2298C49260095D8CD /* Preview Assets.xcassets */ = {isa = PBXFileReference; lastKnownFileType = folder.assetcatalog; path = "Preview Assets.xcassets"; sourceTree = "<group>"; };
		5955B2C8298C49270095D8CD /* tutorial_appTests.xctest */ = {isa = PBXFileReference; explicitFileType = wrapper.cfbundle; includeInIndex = 0; path = tutorial_appTests.xctest; sourceTree = BUILT_PRODUCTS_DIR; };
		5955B2CC298C49270095D8CD /* tutorial_appTests.swift */ = {isa = PBXFileReference; lastKnownFileType = sourcecode.swift; path = tutorial_appTests.swift; sourceTree = "<group>"; };
		5955B2D2298C49270095D8CD /* tutorial_appUITests.xctest */ = {isa = PBXFileReference; explicitFileType = wrapper.cfbundle; includeInIndex = 0; path = tutorial_appUITests.xctest; sourceTree = BUILT_PRODUCTS_DIR; };
		5955B2D6298C49270095D8CD /* tutorial_appUITests.swift */ = {isa = PBXFileReference; lastKnownFileType = sourcecode.swift; path = tutorial_appUITests.swift; sourceTree = "<group>"; };
		5955B2D8298C49270095D8CD /* tutorial_appUITestsLaunchTests.swift */ = {isa = PBXFileReference; lastKnownFileType = sourcecode.swift; path = tutorial_appUITestsLaunchTests.swift; sourceTree = "<group>"; };
/* End PBXFileReference section */

/* Begin PBXFrameworksBuildPhase section */
		5955B2B5298C49240095D8CD /* Frameworks */ = {
			isa = PBXFrameworksBuildPhase;
			buildActionMask = 2147483647;
			files = (
			);
			runOnlyForDeploymentPostprocessing = 0;
		};
		5955B2C5298C49270095D8CD /* Frameworks */ = {
			isa = PBXFrameworksBuildPhase;
			buildActionMask = 2147483647;
			files = (
			);
			runOnlyForDeploymentPostprocessing = 0;
		};
		5955B2CF298C49270095D8CD /* Frameworks */ = {
			isa = PBXFrameworksBuildPhase;
			buildActionMask = 2147483647;
			files = (
			);
			runOnlyForDeploymentPostprocessing = 0;
		};
/* End PBXFrameworksBuildPhase section */

/* Begin PBXGroup section */
		5955B2AF298C49240095D8CD = {
			isa = PBXGroup;
			children = (
				5955B2BA298C49240095D8CD /* tutorial_app */,
				5955B2CB298C49270095D8CD /* tutorial_appTests */,
				5955B2D5298C49270095D8CD /* tutorial_appUITests */,
				5955B2B9298C49240095D8CD /* Products */,
			);
			sourceTree = "<group>";
		};
		5955B2B9298C49240095D8CD /* Products */ = {
			isa = PBXGroup;
			children = (
				5955B2B8298C49240095D8CD /* tutorial_app.app */,
				5955B2C8298C49270095D8CD /* tutorial_appTests.xctest */,
				5955B2D2298C49270095D8CD /* tutorial_appUITests.xctest */,
			);
			name = Products;
			sourceTree = "<group>";
		};
		5955B2BA298C49240095D8CD /* tutorial_app */ = {
			isa = PBXGroup;
			children = (
				5955B2BB298C49240095D8CD /* tutorial_appApp.swift */,
				5955B2BD298C49240095D8CD /* ContentView.swift */,
				5955B2BF298C49260095D8CD /* Assets.xcassets */,
				5955B2C1298C49260095D8CD /* Preview Content */,
			);
			path = tutorial_app;
			sourceTree = "<group>";
		};
		5955B2C1298C49260095D8CD /* Preview Content */ = {
			isa = PBXGroup;
			children = (
				5955B2C2298C49260095D8CD /* Preview Assets.xcassets */,
			);
			path = "Preview Content";
			sourceTree = "<group>";
		};
		5955B2CB298C49270095D8CD /* tutorial_appTests */ = {
			isa = PBXGroup;
			children = (
				5955B2CC298C49270095D8CD /* tutorial_appTests.swift */,
			);
			path = tutorial_appTests;
			sourceTree = "<group>";
		};
		5955B2D5298C49270095D8CD /* tutorial_appUITests */ = {
			isa = PBXGroup;
			children = (
				5955B2D6298C49270095D8CD /* tutorial_appUITests.swift */,
				5955B2D8298C49270095D8CD /* tutorial_appUITestsLaunchTests.swift */,
			);
			path = tutorial_appUITests;
			sourceTree = "<group>";
		};
/* End PBXGroup section */

/* Begin PBXNativeTarget section */
		5955B2B7298C49240095D8CD /* tutorial_app */ = {
			isa = PBXNativeTarget;
			buildConfigurationList = 5955B2DC298C49270095D8CD /* Build configuration list for PBXNativeTarget "tutorial_app" */;
			buildPhases = (
				5955B2B4298C49240095D8CD /* Sources */,
				5955B2B5298C49240095D8CD /* Frameworks */,
				5955B2B6298C49240095D8CD /* Resources */,
			);
			buildRules = (
			);
			dependencies = (
			);
			name = tutorial_app;
			productName = tutorial_app;
			productReference = 5955B2B8298C49240095D8CD /* tutorial_app.app */;
			productType = "com.apple.product-type.application";
		};
		5955B2C7298C49270095D8CD /* tutorial_appTests */ = {
			isa = PBXNativeTarget;
			buildConfigurationList = 5955B2DF298C49270095D8CD /* Build configuration list for PBXNativeTarget "tutorial_appTests" */;
			buildPhases = (
				5955B2C4298C49270095D8CD /* Sources */,
				5955B2C5298C49270095D8CD /* Frameworks */,
				5955B2C6298C49270095D8CD /* Resources */,
			);
			buildRules = (
			);
			dependencies = (
				5955B2CA298C49270095D8CD /* PBXTargetDependency */,
			);
			name = tutorial_appTests;
			productName = tutorial_appTests;
			productReference = 5955B2C8298C49270095D8CD /* tutorial_appTests.xctest */;
			productType = "com.apple.product-type.bundle.unit-test";
		};
		5955B2D1298C49270095D8CD /* tutorial_appUITests */ = {
			isa = PBXNativeTarget;
			buildConfigurationList = 5955B2E2298C49270095D8CD /* Build configuration list for PBXNativeTarget "tutorial_appUITests" */;
			buildPhases = (
				5955B2CE298C49270095D8CD /* Sources */,
				5955B2CF298C49270095D8CD /* Frameworks */,
				5955B2D0298C49270095D8CD /* Resources */,
			);
			buildRules = (
			);
			dependencies = (
				5955B2D4298C49270095D8CD /* PBXTargetDependency */,
			);
			name = tutorial_appUITests;
			productName = tutorial_appUITests;
			productReference = 5955B2D2298C49270095D8CD /* tutorial_appUITests.xctest */;
			productType = "com.apple.product-type.bundle.ui-testing";
		};
/* End PBXNativeTarget section */

/* Begin PBXProject section */
		5955B2B0298C49240095D8CD /* Project object */ = {
			isa = PBXProject;
			attributes = {
				BuildIndependentTargetsInParallel = 1;
				LastSwiftUpdateCheck = 1420;
				LastUpgradeCheck = 1420;
				TargetAttributes = {
					5955B2B7298C49240095D8CD = {
						CreatedOnToolsVersion = 14.2;
					};
					5955B2C7298C49270095D8CD = {
						CreatedOnToolsVersion = 14.2;
						TestTargetID = 5955B2B7298C49240095D8CD;
					};
					5955B2D1298C49270095D8CD = {
						CreatedOnToolsVersion = 14.2;
						TestTargetID = 5955B2B7298C49240095D8CD;
					};
				};
			};
			buildConfigurationList = 5955B2B3298C49240095D8CD /* Build configuration list for PBXProject "tutorial_app" */;
			compatibilityVersion = "Xcode 14.0";
			developmentRegion = en;
			hasScannedForEncodings = 0;
			knownRegions = (
				en,
				Base,
			);
			mainGroup = 5955B2AF298C49240095D8CD;
			productRefGroup = 5955B2B9298C49240095D8CD /* Products */;
			projectDirPath = "";
			projectRoot = "";
			targets = (
				5955B2B7298C49240095D8CD /* tutorial_app */,
				5955B2C7298C49270095D8CD /* tutorial_appTests */,
				5955B2D1298C49270095D8CD /* tutorial_appUITests */,
			);
		};
/* End PBXProject section */

/* Begin PBXResourcesBuildPhase section */
		5955B2B6298C49240095D8CD /* Resources */ = {
			isa = PBXResourcesBuildPhase;
			buildActionMask = 2147483647;
			files = (
				5955B2C3298C49260095D8CD /* Preview Assets.xcassets in Resources */,
				5955B2C0298C49260095D8CD /* Assets.xcassets in Resources */,
			);
			runOnlyForDeploymentPostprocessing = 0;
		};
		5955B2C6298C49270095D8CD /* Resources */ = {
			isa = PBXResourcesBuildPhase;
			buildActionMask = 2147483647;
			files = (
			);
			runOnlyForDeploymentPostprocessing = 0;
		};
		5955B2D0298C49270095D8CD /* Resources */ = {
			isa = PBXResourcesBuildPhase;
			buildActionMask = 2147483647;
			files = (
			);
			runOnlyForDeploymentPostprocessing = 0;
		};
/* End PBXResourcesBuildPhase section */

/* Begin PBXSourcesBuildPhase section */
		5955B2B4298C49240095D8CD /* Sources */ = {
			isa = PBXSourcesBuildPhase;
			buildActionMask = 2147483647;
			files = (
				5955B2BE298C49240095D8CD /* ContentView.swift in Sources */,
				5955B2BC298C49240095D8CD /* tutorial_appApp.swift in Sources */,
			);
			runOnlyForDeploymentPostprocessing = 0;
		};
		5955B2C4298C49270095D8CD /* Sources */ = {
			isa = PBXSourcesBuildPhase;
			buildActionMask = 2147483647;
			files = (
				5955B2CD298C49270095D8CD /* tutorial_appTests.swift in Sources */,
			);
			runOnlyForDeploymentPostprocessing = 0;
		};
		5955B2CE298C49270095D8CD /* Sources */ = {
			isa = PBXSourcesBuildPhase;
			buildActionMask = 2147483647;
			files = (
				5955B2D9298C49270095D8CD /* tutorial_appUITestsLaunchTests.swift in Sources */,
				5955B2D7298C49270095D8CD /* tutorial_appUITests.swift in Sources */,
			);
			runOnlyForDeploymentPostprocessing = 0;
		};
/* End PBXSourcesBuildPhase section */

/* Begin PBXTargetDependency section */
		5955B2CA298C49270095D8CD /* PBXTargetDependency */ = {
			isa = PBXTargetDependency;
			target = 5955B2B7298C49240095D8CD /* tutorial_app */;
			targetProxy = 5955B2C9298C49270095D8CD /* PBXContainerItemProxy */;
		};
		5955B2D4298C49270095D8CD /* PBXTargetDependency */ = {
			isa = PBXTargetDependency;
			target = 5955B2B7298C49240095D8CD /* tutorial_app */;
			targetProxy = 5955B2D3298C49270095D8CD /* PBXContainerItemProxy */;
		};
/* End PBXTargetDependency section */

/* Begin XCBuildConfiguration section */
		5955B2DA298C49270095D8CD /* Debug */ = {
			isa = XCBuildConfiguration;
			buildSettings = {
				ALWAYS_SEARCH_USER_PATHS = NO;
				CLANG_ANALYZER_NONNULL = YES;
				CLANG_ANALYZER_NUMBER_OBJECT_CONVERSION = YES_AGGRESSIVE;
				CLANG_CXX_LANGUAGE_STANDARD = "gnu++20";
				CLANG_ENABLE_MODULES = YES;
				CLANG_ENABLE_OBJC_ARC = YES;
				CLANG_ENABLE_OBJC_WEAK = YES;
				CLANG_WARN_BLOCK_CAPTURE_AUTORELEASING = YES;
				CLANG_WARN_BOOL_CONVERSION = YES;
				CLANG_WARN_COMMA = YES;
				CLANG_WARN_CONSTANT_CONVERSION = YES;
				CLANG_WARN_DEPRECATED_OBJC_IMPLEMENTATIONS = YES;
				CLANG_WARN_DIRECT_OBJC_ISA_USAGE = YES_ERROR;
				CLANG_WARN_DOCUMENTATION_COMMENTS = YES;
				CLANG_WARN_EMPTY_BODY = YES;
				CLANG_WARN_ENUM_CONVERSION = YES;
				CLANG_WARN_INFINITE_RECURSION = YES;
				CLANG_WARN_INT_CONVERSION = YES;
				CLANG_WARN_NON_LITERAL_NULL_CONVERSION = YES;
				CLANG_WARN_OBJC_IMPLICIT_RETAIN_SELF = YES;
				CLANG_WARN_OBJC_LITERAL_CONVERSION = YES;
				CLANG_WARN_OBJC_ROOT_CLASS = YES_ERROR;
				CLANG_WARN_QUOTED_INCLUDE_IN_FRAMEWORK_HEADER = YES;
				CLANG_WARN_RANGE_LOOP_ANALYSIS = YES;
				CLANG_WARN_STRICT_PROTOTYPES = YES;
				CLANG_WARN_SUSPICIOUS_MOVE = YES;
				CLANG_WARN_UNGUARDED_AVAILABILITY = YES_AGGRESSIVE;
				CLANG_WARN_UNREACHABLE_CODE = YES;
				CLANG_WARN__DUPLICATE_METHOD_MATCH = YES;
				COPY_PHASE_STRIP = NO;
				DEBUG_INFORMATION_FORMAT = dwarf;
				ENABLE_STRICT_OBJC_MSGSEND = YES;
				ENABLE_TESTABILITY = YES;
				GCC_C_LANGUAGE_STANDARD = gnu11;
				GCC_DYNAMIC_NO_PIC = NO;
				GCC_NO_COMMON_BLOCKS = YES;
				GCC_OPTIMIZATION_LEVEL = 0;
				GCC_PREPROCESSOR_DEFINITIONS = (
					"DEBUG=1",
					"$(inherited)",
				);
				GCC_WARN_64_TO_32_BIT_CONVERSION = YES;
				GCC_WARN_ABOUT_RETURN_TYPE = YES_ERROR;
				GCC_WARN_UNDECLARED_SELECTOR = YES;
				GCC_WARN_UNINITIALIZED_AUTOS = YES_AGGRESSIVE;
				GCC_WARN_UNUSED_FUNCTION = YES;
				GCC_WARN_UNUSED_VARIABLE = YES;
				IPHONEOS_DEPLOYMENT_TARGET = 16.2;
				MTL_ENABLE_DEBUG_INFO = INCLUDE_SOURCE;
				MTL_FAST_MATH = YES;
				ONLY_ACTIVE_ARCH = YES;
				SDKROOT = iphoneos;
				SWIFT_ACTIVE_COMPILATION_CONDITIONS = DEBUG;
				SWIFT_OPTIMIZATION_LEVEL = "-Onone";
			};
			name = Debug;
		};
		5955B2DB298C49270095D8CD /* Release */ = {
			isa = XCBuildConfiguration;
			buildSettings = {
				ALWAYS_SEARCH_USER_PATHS = NO;
				CLANG_ANALYZER_NONNULL = YES;
				CLANG_ANALYZER_NUMBER_OBJECT_CONVERSION = YES_AGGRESSIVE;
				CLANG_CXX_LANGUAGE_STANDARD = "gnu++20";
				CLANG_ENABLE_MODULES = YES;
				CLANG_ENABLE_OBJC_ARC = YES;
				CLANG_ENABLE_OBJC_WEAK = YES;
				CLANG_WARN_BLOCK_CAPTURE_AUTORELEASING = YES;
				CLANG_WARN_BOOL_CONVERSION = YES;
				CLANG_WARN_COMMA = YES;
				CLANG_WARN_CONSTANT_CONVERSION = YES;
				CLANG_WARN_DEPRECATED_OBJC_IMPLEMENTATIONS = YES;
				CLANG_WARN_DIRECT_OBJC_ISA_USAGE = YES_ERROR;
				CLANG_WARN_DOCUMENTATION_COMMENTS = YES;
				CLANG_WARN_EMPTY_BODY = YES;
				CLANG_WARN_ENUM_CONVERSION = YES;
				CLANG_WARN_INFINITE_RECURSION = YES;
				CLANG_WARN_INT_CONVERSION = YES;
				CLANG_WARN_NON_LITERAL_NULL_CONVERSION = YES;
				CLANG_WARN_OBJC_IMPLICIT_RETAIN_SELF = YES;
				CLANG_WARN_OBJC_LITERAL_CONVERSION = YES;
				CLANG_WARN_OBJC_ROOT_CLASS = YES_ERROR;
				CLANG_WARN_QUOTED_INCLUDE_IN_FRAMEWORK_HEADER = YES;
				CLANG_WARN_RANGE_LOOP_ANALYSIS = YES;
				CLANG_WARN_STRICT_PROTOTYPES = YES;
				CLANG_WARN_SUSPICIOUS_MOVE = YES;
				CLANG_WARN_UNGUARDED_AVAILABILITY = YES_AGGRESSIVE;
				CLANG_WARN_UNREACHABLE_CODE = YES;
				CLANG_WARN__DUPLICATE_METHOD_MATCH = YES;
				COPY_PHASE_STRIP = NO;
				DEBUG_INFORMATION_FORMAT = "dwarf-with-dsym";
				ENABLE_NS_ASSERTIONS = NO;
				ENABLE_STRICT_OBJC_MSGSEND = YES;
				GCC_C_LANGUAGE_STANDARD = gnu11;
				GCC_NO_COMMON_BLOCKS = YES;
				GCC_WARN_64_TO_32_BIT_CONVERSION = YES;
				GCC_WARN_ABOUT_RETURN_TYPE = YES_ERROR;
				GCC_WARN_UNDECLARED_SELECTOR = YES;
				GCC_WARN_UNINITIALIZED_AUTOS = YES_AGGRESSIVE;
				GCC_WARN_UNUSED_FUNCTION = YES;
				GCC_WARN_UNUSED_VARIABLE = YES;
				IPHONEOS_DEPLOYMENT_TARGET = 16.2;
				MTL_ENABLE_DEBUG_INFO = NO;
				MTL_FAST_MATH = YES;
				SDKROOT = iphoneos;
				SWIFT_COMPILATION_MODE = wholemodule;
				SWIFT_OPTIMIZATION_LEVEL = "-O";
				VALIDATE_PRODUCT = YES;
			};
			name = Release;
		};
		5955B2DD298C49270095D8CD /* Debug */ = {
			isa = XCBuildConfiguration;
			buildSettings = {
				ASSETCATALOG_COMPILER_APPICON_NAME = AppIcon;
				ASSETCATALOG_COMPILER_GLOBAL_ACCENT_COLOR_NAME = AccentColor;
				CODE_SIGN_STYLE = Automatic;
				CURRENT_PROJECT_VERSION = 1;
				DEVELOPMENT_ASSET_PATHS = "\"tutorial_app/Preview Content\"";
				DEVELOPMENT_TEAM = 9PXJAJ64AF;
				ENABLE_PREVIEWS = YES;
				GENERATE_INFOPLIST_FILE = YES;
				INFOPLIST_KEY_UIApplicationSceneManifest_Generation = YES;
				INFOPLIST_KEY_UIApplicationSupportsIndirectInputEvents = YES;
				INFOPLIST_KEY_UILaunchScreen_Generation = YES;
				INFOPLIST_KEY_UISupportedInterfaceOrientations_iPad = "UIInterfaceOrientationPortrait UIInterfaceOrientationPortraitUpsideDown UIInterfaceOrientationLandscapeLeft UIInterfaceOrientationLandscapeRight";
				INFOPLIST_KEY_UISupportedInterfaceOrientations_iPhone = "UIInterfaceOrientationPortrait UIInterfaceOrientationLandscapeLeft UIInterfaceOrientationLandscapeRight";
				LD_RUNPATH_SEARCH_PATHS = (
					"$(inherited)",
					"@executable_path/Frameworks",
				);
				MARKETING_VERSION = 1.0;
				PRODUCT_BUNDLE_IDENTIFIER = "com.app1.tutorial-app";
				PRODUCT_NAME = "$(TARGET_NAME)";
				SWIFT_EMIT_LOC_STRINGS = YES;
				SWIFT_VERSION = 5.0;
				TARGETED_DEVICE_FAMILY = "1,2";
			};
			name = Debug;
		};
		5955B2DE298C49270095D8CD /* Release */ = {
			isa = XCBuildConfiguration;
			buildSettings = {
				ASSETCATALOG_COMPILER_APPICON_NAME = AppIcon;
				ASSETCATALOG_COMPILER_GLOBAL_ACCENT_COLOR_NAME = AccentColor;
				CODE_SIGN_STYLE = Automatic;
				CURRENT_PROJECT_VERSION = 1;
				DEVELOPMENT_ASSET_PATHS = "\"tutorial_app/Preview Content\"";
				DEVELOPMENT_TEAM = 9PXJAJ64AF;
				ENABLE_PREVIEWS = YES;
				GENERATE_INFOPLIST_FILE = YES;
				INFOPLIST_KEY_UIApplicationSceneManifest_Generation = YES;
				INFOPLIST_KEY_UIApplicationSupportsIndirectInputEvents = YES;
				INFOPLIST_KEY_UILaunchScreen_Generation = YES;
				INFOPLIST_KEY_UISupportedInterfaceOrientations_iPad = "UIInterfaceOrientationPortrait UIInterfaceOrientationPortraitUpsideDown UIInterfaceOrientationLandscapeLeft UIInterfaceOrientationLandscapeRight";
				INFOPLIST_KEY_UISupportedInterfaceOrientations_iPhone = "UIInterfaceOrientationPortrait UIInterfaceOrientationLandscapeLeft UIInterfaceOrientationLandscapeRight";
				LD_RUNPATH_SEARCH_PATHS = (
					"$(inherited)",
					"@executable_path/Frameworks",
				);
				MARKETING_VERSION = 1.0;
				PRODUCT_BUNDLE_IDENTIFIER = "com.app1.tutorial-app";
				PRODUCT_NAME = "$(TARGET_NAME)";
				SWIFT_EMIT_LOC_STRINGS = YES;
				SWIFT_VERSION = 5.0;
				TARGETED_DEVICE_FAMILY = "1,2";
			};
			name = Release;
		};
		5955B2E0298C49270095D8CD /* Debug */ = {
			isa = XCBuildConfiguration;
			buildSettings = {
				ALWAYS_EMBED_SWIFT_STANDARD_LIBRARIES = YES;
				BUNDLE_LOADER = "$(TEST_HOST)";
				CODE_SIGN_STYLE = Automatic;
				CURRENT_PROJECT_VERSION = 1;
				DEVELOPMENT_TEAM = 9PXJAJ64AF;
				GENERATE_INFOPLIST_FILE = YES;
				IPHONEOS_DEPLOYMENT_TARGET = 16.2;
				MARKETING_VERSION = 1.0;
				PRODUCT_BUNDLE_IDENTIFIER = "com.app1.tutorial-appTests";
				PRODUCT_NAME = "$(TARGET_NAME)";
				SWIFT_EMIT_LOC_STRINGS = NO;
				SWIFT_VERSION = 5.0;
				TARGETED_DEVICE_FAMILY = "1,2";
				TEST_HOST = "$(BUILT_PRODUCTS_DIR)/tutorial_app.app/$(BUNDLE_EXECUTABLE_FOLDER_PATH)/tutorial_app";
			};
			name = Debug;
		};
		5955B2E1298C49270095D8CD /* Release */ = {
			isa = XCBuildConfiguration;
			buildSettings = {
				ALWAYS_EMBED_SWIFT_STANDARD_LIBRARIES = YES;
				BUNDLE_LOADER = "$(TEST_HOST)";
				CODE_SIGN_STYLE = Automatic;
				CURRENT_PROJECT_VERSION = 1;
				DEVELOPMENT_TEAM = 9PXJAJ64AF;
				GENERATE_INFOPLIST_FILE = YES;
				IPHONEOS_DEPLOYMENT_TARGET = 16.2;
				MARKETING_VERSION = 1.0;
				PRODUCT_BUNDLE_IDENTIFIER = "com.app1.tutorial-appTests";
				PRODUCT_NAME = "$(TARGET_NAME)";
				SWIFT_EMIT_LOC_STRINGS = NO;
				SWIFT_VERSION = 5.0;
				TARGETED_DEVICE_FAMILY = "1,2";
				TEST_HOST = "$(BUILT_PRODUCTS_DIR)/tutorial_app.app/$(BUNDLE_EXECUTABLE_FOLDER_PATH)/tutorial_app";
			};
			name = Release;
		};
		5955B2E3298C49270095D8CD /* Debug */ = {
			isa = XCBuildConfiguration;
			buildSettings = {
				ALWAYS_EMBED_SWIFT_STANDARD_LIBRARIES = YES;
				CODE_SIGN_STYLE = Automatic;
				CURRENT_PROJECT_VERSION = 1;
				DEVELOPMENT_TEAM = 9PXJAJ64AF;
				GENERATE_INFOPLIST_FILE = YES;
				MARKETING_VERSION = 1.0;
				PRODUCT_BUNDLE_IDENTIFIER = "com.app1.tutorial-appUITests";
				PRODUCT_NAME = "$(TARGET_NAME)";
				SWIFT_EMIT_LOC_STRINGS = NO;
				SWIFT_VERSION = 5.0;
				TARGETED_DEVICE_FAMILY = "1,2";
				TEST_TARGET_NAME = tutorial_app;
			};
			name = Debug;
		};
		5955B2E4298C49270095D8CD /* Release */ = {
			isa = XCBuildConfiguration;
			buildSettings = {
				ALWAYS_EMBED_SWIFT_STANDARD_LIBRARIES = YES;
				CODE_SIGN_STYLE = Automatic;
				CURRENT_PROJECT_VERSION = 1;
				DEVELOPMENT_TEAM = 9PXJAJ64AF;
				GENERATE_INFOPLIST_FILE = YES;
				MARKETING_VERSION = 1.0;
				PRODUCT_BUNDLE_IDENTIFIER = "com.app1.tutorial-appUITests";
				PRODUCT_NAME = "$(TARGET_NAME)";
				SWIFT_EMIT_LOC_STRINGS = NO;
				SWIFT_VERSION = 5.0;
				TARGETED_DEVICE_FAMILY = "1,2";
				TEST_TARGET_NAME = tutorial_app;
			};
			name = Release;
		};
/* End XCBuildConfiguration section */

/* Begin XCConfigurationList section */
		5955B2B3298C49240095D8CD /* Build configuration list for PBXProject "tutorial_app" */ = {
			isa = XCConfigurationList;
			buildConfigurations = (
				5955B2DA298C49270095D8CD /* Debug */,
				5955B2DB298C49270095D8CD /* Release */,
			);
			defaultConfigurationIsVisible = 0;
			defaultConfigurationName = Release;
		};
		5955B2DC298C49270095D8CD /* Build configuration list for PBXNativeTarget "tutorial_app" */ = {
			isa = XCConfigurationList;
			buildConfigurations = (
				5955B2DD298C49270095D8CD /* Debug */,
				5955B2DE298C49270095D8CD /* Release */,
			);
			defaultConfigurationIsVisible = 0;
			defaultConfigurationName = Release;
		};
		5955B2DF298C49270095D8CD /* Build configuration list for PBXNativeTarget "tutorial_appTests" */ = {
			isa = XCConfigurationList;
			buildConfigurations = (
				5955B2E0298C49270095D8CD /* Debug */,
				5955B2E1298C49270095D8CD /* Release */,
			);
			defaultConfigurationIsVisible = 0;
			defaultConfigurationName = Release;
		};
		5955B2E2298C49270095D8CD /* Build configuration list for PBXNativeTarget "tutorial_appUITests" */ = {
			isa = XCConfigurationList;
			buildConfigurations = (
				5955B2E3298C49270095D8CD /* Debug */,
				5955B2E4298C49270095D8CD /* Release */,
			);
			defaultConfigurationIsVisible = 0;
			defaultConfigurationName = Release;
		};
/* End XCConfigurationList section */
	};
	rootObject = 5955B2B0298C49240095D8CD /* Project object */;
}
